{
  "originHash" : "2df6280486a953f9a24c0168cd748e29d7eb8ce422bcacebb5e9e2b4367d9654",
  "pins" : [
    {
      "identity" : "grdb.swift",
      "kind" : "remoteSourceControl",
      "location" : "https://github.com/groue/GRDB.swift.git",
      "state" : {
        "branch" : "dev/issue1619-iOS18",
        "revision" : "4c541a99b541caca9d8572641e5e2d98588d36ce"
      }
    }
  ],
  "version" : 3
}
